
Microsoft Visual Studio Solution File, Format Version 12.00
# Visual Studio 14
VisualStudioVersion = 14.0.25420.1
MinimumVisualStudioVersion = 10.0.40219.1
Project("{2150E333-8FDC-42A3-9474-1A3956D46DE8}") = "src", "src", "{88EAF52B-602D-4E58-82AC-1FE2EED4DD77}"
EndProject
Project("{2150E333-8FDC-42A3-9474-1A3956D46DE8}") = "Solution Items", "Solution Items", "{7A199203-E5AA-4A45-81CF-8AD11366C7F6}"
	ProjectSection(SolutionItems) = preProject
		global.json = global.json
	EndProjectSection
EndProject
Project("{8BB2217D-0F2D-49D1-97BC-3654ED321F3B}") = "Test", "src\Test\Test.xproj", "{035BC6F5-AFAF-4906-9FE9-5500C136423C}"
EndProject
Project("{8BB2217D-0F2D-49D1-97BC-3654ED321F3B}") = "Noone", "src\Noone\Noone.xproj", "{8874D602-D146-4A9D-A6BB-16030AAF113D}"
EndProject
Global
	GlobalSection(SolutionConfigurationPlatforms) = preSolution
		Debug|Any CPU = Debug|Any CPU
		Release|Any CPU = Release|Any CPU
	EndGlobalSection
	GlobalSection(ProjectConfigurationPlatforms) = postSolution
		{035BC6F5-AFAF-4906-9FE9-5500C136423C}.Debug|Any CPU.ActiveCfg = Debug|Any CPU
		{035BC6F5-AFAF-4906-9FE9-5500C136423C}.Debug|Any CPU.Build.0 = Debug|Any CPU
		{035BC6F5-AFAF-4906-9FE9-5500C136423C}.Release|Any CPU.ActiveCfg = Release|Any CPU
		{035BC6F5-AFAF-4906-9FE9-5500C136423C}.Release|Any CPU.Build.0 = Release|Any CPU
		{8874D602-D146-4A9D-A6BB-16030AAF113D}.Debug|Any CPU.ActiveCfg = Debug|Any CPU
		{8874D602-D146-4A9D-A6BB-16030AAF113D}.Debug|Any CPU.Build.0 = Debug|Any CPU
		{8874D602-D146-4A9D-A6BB-16030AAF113D}.Release|Any CPU.ActiveCfg = Release|Any CPU
		{8874D602-D146-4A9D-A6BB-16030AAF113D}.Release|Any CPU.Build.0 = Release|Any CPU
	EndGlobalSection
	GlobalSection(SolutionProperties) = preSolution
		HideSolutionNode = FALSE
	EndGlobalSection
	GlobalSection(NestedProjects) = preSolution
		{035BC6F5-AFAF-4906-9FE9-5500C136423C} = {88EAF52B-602D-4E58-82AC-1FE2EED4DD77}
		{8874D602-D146-4A9D-A6BB-16030AAF113D} = {88EAF52B-602D-4E58-82AC-1FE2EED4DD77}
	EndGlobalSection
EndGlobal
